<?xml version="1.0" encoding="utf-8"?>
<Project ToolsVersion="4.0" xmlns="http://schemas.microsoft.com/developer/msbuild/2003">
  <ItemGroup>
    <ClInclude Include="c_polygon.h" />
    <ClInclude Include="Tests\fuzzer.h">
      <Filter>Tests</Filter>
    </ClInclude>
    <ClInclude Include="Tests\ISAAC\isaac64.h">
      <Filter>Tests\Isaac</Filter>
    </ClInclude>
    <ClInclude Include="Tests\ISAAC\standard.h">
      <Filter>Tests\Isaac</Filter>
    </ClInclude>
    <ClInclude Include="Tests\test_common.h">
      <Filter>Tests</Filter>
    </ClInclude>
  </ItemGroup>
  <ItemGroup>
    <ClCompile Include="c_polygon.c" />
    <ClCompile Include="Tests\test.c">
      <Filter>Tests</Filter>
    </ClCompile>
    <ClCompile Include="Tests\fuzzer.c">
      <Filter>Tests</Filter>
    </ClCompile>
    <ClCompile Include="Tests\ISAAC\isaac64.c">
      <Filter>Tests\Isaac</Filter>
    </ClCompile>
  </ItemGroup>
  <ItemGroup>
    <Filter Include="Tests">
      <UniqueIdentifier>{1d98ccb1-edb1-4bee-b4e0-3fa19d513e87}</UniqueIdentifier>
    </Filter>
    <Filter Include="Tests\Isaac">
      <UniqueIdentifier>{a58ce8d1-4897-412c-89ed-d0ec9bd9db4a}</UniqueIdentifier>
    </Filter>
    <Filter Include="Tests\res">
      <UniqueIdentifier>{c418aa55-0f8a-4438-b7b0-7b1c6f46ee51}</UniqueIdentifier>
    </Filter>
  </ItemGroup>
  <ItemGroup>
    <None Include="Tests\res\xyzrgb_dragon.ply">
      <Filter>Tests\res</Filter>
    </None>
    <None Include="Tests\res\._cube.ply">
      <Filter>Tests\res</Filter>
    </None>
    <None Include="Tests\res\bun_zipper.ply">
      <Filter>Tests\res</Filter>
    </None>
    <None Include="Tests\res\bun000.ply">
      <Filter>Tests\res</Filter>
    </None>
    <None Include="Tests\res\cube.ply">
      <Filter>Tests\res</Filter>
    </None>
    <None Include="Tests\res\rand.ply">
      <Filter>Tests\res</Filter>
    </None>
    <None Include="Tests\res\cube_bin.ply">
      <Filter>Tests\res</Filter>
    </None>
    <None Include="Tests\res\cube_blndr.ply">
      <Filter>Tests\res</Filter>
    </None>
    <None Include="Tests\.gitignore">
      <Filter>Tests</Filter>
    </None>
    <None Include="Tests\res\test_blndr.ply">
      <Filter>Tests\res</Filter>
    </None>
    <None Include="c_polygon.inl" />
  </ItemGroup>
</Project>